
Microsoft Visual Studio Solution File, Format Version 12.00
# Visual Studio Version 17
VisualStudioVersion = 17.8.34330.188
MinimumVisualStudioVersion = 10.0.40219.1
Project("{9A19103F-16F7-4668-BE54-9A1E7A4F7556}") = "ExcelJson", "ExcelJson\ExcelJson.csproj", "{04016A3D-4FC8-4BFF-B825-13E656ADEEEE}"
EndProject
Project("{FAE04EC0-301F-11D3-BF4B-00C04F79EFBC}") = "ExcelJson.Test", "ExcelJson.Test\ExcelJson.Test.csproj", "{3BA82A03-6D3B-4967-9817-A808AF7150FA}"
EndProject
Global
	GlobalSection(SolutionConfigurationPlatforms) = preSolution
		Debug|Any CPU = Debug|Any CPU
		Release|Any CPU = Release|Any CPU
	EndGlobalSection
	GlobalSection(ProjectConfigurationPlatforms) = postSolution
		{04016A3D-4FC8-4BFF-B825-13E656ADEEEE}.Debug|Any CPU.ActiveCfg = Debug|Any CPU
		{04016A3D-4FC8-4BFF-B825-13E656ADEEEE}.Debug|Any CPU.Build.0 = Debug|Any CPU
		{04016A3D-4FC8-4BFF-B825-13E656ADEEEE}.Release|Any CPU.ActiveCfg = Release|Any CPU
		{04016A3D-4FC8-4BFF-B825-13E656ADEEEE}.Release|Any CPU.Build.0 = Release|Any CPU
		{3BA82A03-6D3B-4967-9817-A808AF7150FA}.Debug|Any CPU.ActiveCfg = Debug|Any CPU
		{3BA82A03-6D3B-4967-9817-A808AF7150FA}.Debug|Any CPU.Build.0 = Debug|Any CPU
		{3BA82A03-6D3B-4967-9817-A808AF7150FA}.Release|Any CPU.ActiveCfg = Release|Any CPU
		{3BA82A03-6D3B-4967-9817-A808AF7150FA}.Release|Any CPU.Build.0 = Release|Any CPU
	EndGlobalSection
	GlobalSection(SolutionProperties) = preSolution
		HideSolutionNode = FALSE
	EndGlobalSection
	GlobalSection(ExtensibilityGlobals) = postSolution
		SolutionGuid = {498894FE-3E14-4172-A216-84893105A381}
	EndGlobalSection
EndGlobal
